
Microsoft Visual Studio Solution File, Format Version 12.00
# Visual Studio Version 17
VisualStudioVersion = 17.0.32126.317
MinimumVisualStudioVersion = 10.0.40219.1
Project("{FAE04EC0-301F-11D3-BF4B-00C04F79EFBC}") = "BouncedEmailError", "BouncedEmailError\BouncedEmailError.csproj", "{47C015C7-D9F0-4735-AA74-2680E2D8CEBD}"
EndProject
Global
	GlobalSection(SolutionConfigurationPlatforms) = preSolution
		Debug|Any CPU = Debug|Any CPU
		Release|Any CPU = Release|Any CPU
	EndGlobalSection
	GlobalSection(ProjectConfigurationPlatforms) = postSolution
		{47C015C7-D9F0-4735-AA74-2680E2D8CEBD}.Debug|Any CPU.ActiveCfg = Debug|Any CPU
		{47C015C7-D9F0-4735-AA74-2680E2D8CEBD}.Debug|Any CPU.Build.0 = Debug|Any CPU
		{47C015C7-D9F0-4735-AA74-2680E2D8CEBD}.Release|Any CPU.ActiveCfg = Release|Any CPU
		{47C015C7-D9F0-4735-AA74-2680E2D8CEBD}.Release|Any CPU.Build.0 = Release|Any CPU
	EndGlobalSection
	GlobalSection(SolutionProperties) = preSolution
		HideSolutionNode = FALSE
	EndGlobalSection
	GlobalSection(ExtensibilityGlobals) = postSolution
		SolutionGuid = {7216BB6D-8E86-4D2A-8FD0-FE915FDC24E6}
	EndGlobalSection
EndGlobal
